
Microsoft Visual Studio Solution File, Format Version 12.00
# Visual Studio Version 17
VisualStudioVersion = 17.0.31903.59
MinimumVisualStudioVersion = 10.0.40219.1
Project("{9A19103F-16F7-4668-BE54-9A1E7A4F7556}") = "CadastroLivros.Api", "CadastroLivros.Api\CadastroLivros.Api.csproj", "{79E5F039-6337-494C-B3E9-F96801BBC105}"
EndProject
Project("{9A19103F-16F7-4668-BE54-9A1E7A4F7556}") = "CadastroLivros.Tests", "CadastroLivros.Tests\CadastroLivros.Tests.csproj", "{42BD6DC5-8CC0-49D0-AA82-36E635465F02}"
EndProject
Global
	GlobalSection(SolutionConfigurationPlatforms) = preSolution
		Debug|Any CPU = Debug|Any CPU
		Release|Any CPU = Release|Any CPU
	EndGlobalSection
	GlobalSection(ProjectConfigurationPlatforms) = postSolution
		{79E5F039-6337-494C-B3E9-F96801BBC105}.Debug|Any CPU.ActiveCfg = Debug|Any CPU
		{79E5F039-6337-494C-B3E9-F96801BBC105}.Debug|Any CPU.Build.0 = Debug|Any CPU
		{79E5F039-6337-494C-B3E9-F96801BBC105}.Release|Any CPU.ActiveCfg = Release|Any CPU
		{79E5F039-6337-494C-B3E9-F96801BBC105}.Release|Any CPU.Build.0 = Release|Any CPU
		{42BD6DC5-8CC0-49D0-AA82-36E635465F02}.Debug|Any CPU.ActiveCfg = Debug|Any CPU
		{42BD6DC5-8CC0-49D0-AA82-36E635465F02}.Debug|Any CPU.Build.0 = Debug|Any CPU
		{42BD6DC5-8CC0-49D0-AA82-36E635465F02}.Release|Any CPU.ActiveCfg = Release|Any CPU
		{42BD6DC5-8CC0-49D0-AA82-36E635465F02}.Release|Any CPU.Build.0 = Release|Any CPU
	EndGlobalSection
	GlobalSection(SolutionProperties) = preSolution
		HideSolutionNode = FALSE
	EndGlobalSection
	GlobalSection(ExtensibilityGlobals) = postSolution
		SolutionGuid = {BBA59733-E6B6-4EDE-9359-C6954512F273}
	EndGlobalSection
EndGlobal
